
Microsoft Visual Studio Solution File, Format Version 12.00
# Visual Studio Version 16
VisualStudioVersion = 16.0.30503.244
MinimumVisualStudioVersion = 10.0.40219.1
Project("{8BC9CEB8-8B4A-11D0-8D11-00A0C91BC942}") = "coade aa", "coade aa\coade aa.vcxproj", "{BC25C76F-D12F-4590-9920-333457EC976D}"
EndProject
Global
	GlobalSection(SolutionConfigurationPlatforms) = preSolution
		Debug|x64 = Debug|x64
		Debug|x86 = Debug|x86
		Release|x64 = Release|x64
		Release|x86 = Release|x86
	EndGlobalSection
	GlobalSection(ProjectConfigurationPlatforms) = postSolution
		{BC25C76F-D12F-4590-9920-333457EC976D}.Debug|x64.ActiveCfg = Debug|x64
		{BC25C76F-D12F-4590-9920-333457EC976D}.Debug|x64.Build.0 = Debug|x64
		{BC25C76F-D12F-4590-9920-333457EC976D}.Debug|x86.ActiveCfg = Debug|Win32
		{BC25C76F-D12F-4590-9920-333457EC976D}.Debug|x86.Build.0 = Debug|Win32
		{BC25C76F-D12F-4590-9920-333457EC976D}.Release|x64.ActiveCfg = Release|x64
		{BC25C76F-D12F-4590-9920-333457EC976D}.Release|x64.Build.0 = Release|x64
		{BC25C76F-D12F-4590-9920-333457EC976D}.Release|x86.ActiveCfg = Release|Win32
		{BC25C76F-D12F-4590-9920-333457EC976D}.Release|x86.Build.0 = Release|Win32
	EndGlobalSection
	GlobalSection(SolutionProperties) = preSolution
		HideSolutionNode = FALSE
	EndGlobalSection
	GlobalSection(ExtensibilityGlobals) = postSolution
		SolutionGuid = {A1B1A350-8993-4C31-859C-FF5C3559FF83}
	EndGlobalSection
EndGlobal
